{
  "name": "elm-ui-widget",
  "lockfileVersion": 2,
  "requires": true,
  "packages": {
    "": {
      "name": "elm-ui-widget",
      "hasInstallScript": true,
      "devDependencies": {
        "elm-tooling": "^1.6.0"
      }
    },
    "node_modules/elm-tooling": {
      "version": "1.7.0",
      "resolved": "https://registry.npmjs.org/elm-tooling/-/elm-tooling-1.7.0.tgz",
      "integrity": "sha512-EHZ54voWrG3BhUONbH/wFw5U95H6N7R4QFgXHDrPIaDBDdeyNkpFu4QWArSWkhzxyCF7hqT8ya2yy7SferDsgg==",
      "dev": true,
      "bin": {
        "elm-tooling": "index.js"
      }
    }
  },
  "dependencies": {
    "elm-tooling": {
      "version": "1.7.0",
      "resolved": "https://registry.npmjs.org/elm-tooling/-/elm-tooling-1.7.0.tgz",
      "integrity": "sha512-EHZ54voWrG3BhUONbH/wFw5U95H6N7R4QFgXHDrPIaDBDdeyNkpFu4QWArSWkhzxyCF7hqT8ya2yy7SferDsgg==",
      "dev": true
    }
  }
}
